
Microsoft Visual Studio Solution File, Format Version 11.00
# Visual Studio 2010
Project("{FAE04EC0-301F-11D3-BF4B-00C04F79EFBC}") = "FMODUnity", "FMODUnity.csproj", "{36297df4-df80-41bc-dd01-e4de9d3828c8}"
EndProject
Project("{FAE04EC0-301F-11D3-BF4B-00C04F79EFBC}") = "Assembly-CSharp", "Assembly-CSharp.csproj", "{c272ca5a-7fe9-39db-344e-08555a225ed9}"
EndProject
Project("{FAE04EC0-301F-11D3-BF4B-00C04F79EFBC}") = "FMODUnityResonance", "FMODUnityResonance.csproj", "{00303e16-e376-9427-4f50-6eacad0a9a0c}"
EndProject
Project("{FAE04EC0-301F-11D3-BF4B-00C04F79EFBC}") = "FMODUnityEditor", "FMODUnityEditor.csproj", "{9ed2121f-1ef9-4de0-3061-e39ed6a08d4a}"
EndProject
Project("{FAE04EC0-301F-11D3-BF4B-00C04F79EFBC}") = "FMODUnityResonanceEditor", "FMODUnityResonanceEditor.csproj", "{fb79c32a-15be-025b-96f0-2a9fea126867}"
EndProject
Global
	GlobalSection(SolutionConfigurationPlatforms) = preSolution
		Debug|Any CPU = Debug|Any CPU
		Release|Any CPU = Release|Any CPU
	EndGlobalSection
	GlobalSection(ProjectConfigurationPlatforms) = postSolution
		{36297df4-df80-41bc-dd01-e4de9d3828c8}.Debug|Any CPU.ActiveCfg = Debug|Any CPU
		{36297df4-df80-41bc-dd01-e4de9d3828c8}.Debug|Any CPU.Build.0 = Debug|Any CPU
		{36297df4-df80-41bc-dd01-e4de9d3828c8}.Release|Any CPU.ActiveCfg = Release|Any CPU
		{36297df4-df80-41bc-dd01-e4de9d3828c8}.Release|Any CPU.Build.0 = Release|Any CPU
		{c272ca5a-7fe9-39db-344e-08555a225ed9}.Debug|Any CPU.ActiveCfg = Debug|Any CPU
		{c272ca5a-7fe9-39db-344e-08555a225ed9}.Debug|Any CPU.Build.0 = Debug|Any CPU
		{c272ca5a-7fe9-39db-344e-08555a225ed9}.Release|Any CPU.ActiveCfg = Release|Any CPU
		{c272ca5a-7fe9-39db-344e-08555a225ed9}.Release|Any CPU.Build.0 = Release|Any CPU
		{00303e16-e376-9427-4f50-6eacad0a9a0c}.Debug|Any CPU.ActiveCfg = Debug|Any CPU
		{00303e16-e376-9427-4f50-6eacad0a9a0c}.Debug|Any CPU.Build.0 = Debug|Any CPU
		{00303e16-e376-9427-4f50-6eacad0a9a0c}.Release|Any CPU.ActiveCfg = Release|Any CPU
		{00303e16-e376-9427-4f50-6eacad0a9a0c}.Release|Any CPU.Build.0 = Release|Any CPU
		{9ed2121f-1ef9-4de0-3061-e39ed6a08d4a}.Debug|Any CPU.ActiveCfg = Debug|Any CPU
		{9ed2121f-1ef9-4de0-3061-e39ed6a08d4a}.Debug|Any CPU.Build.0 = Debug|Any CPU
		{9ed2121f-1ef9-4de0-3061-e39ed6a08d4a}.Release|Any CPU.ActiveCfg = Release|Any CPU
		{9ed2121f-1ef9-4de0-3061-e39ed6a08d4a}.Release|Any CPU.Build.0 = Release|Any CPU
		{fb79c32a-15be-025b-96f0-2a9fea126867}.Debug|Any CPU.ActiveCfg = Debug|Any CPU
		{fb79c32a-15be-025b-96f0-2a9fea126867}.Debug|Any CPU.Build.0 = Debug|Any CPU
		{fb79c32a-15be-025b-96f0-2a9fea126867}.Release|Any CPU.ActiveCfg = Release|Any CPU
		{fb79c32a-15be-025b-96f0-2a9fea126867}.Release|Any CPU.Build.0 = Release|Any CPU
	EndGlobalSection
	GlobalSection(SolutionProperties) = preSolution
		HideSolutionNode = FALSE
	EndGlobalSection
EndGlobal
